
Microsoft Visual Studio Solution File, Format Version 12.00
# Visual Studio Version 16
VisualStudioVersion = 16.0.31624.102
MinimumVisualStudioVersion = 10.0.40219.1
Project("{FAE04EC0-301F-11D3-BF4B-00C04F79EFBC}") = "AsesoriasTEC2019", "AsesoriasTEC2019\AsesoriasTEC2019.csproj", "{8B767A31-671D-4965-8D07-3CC92EE49E07}"
EndProject
Global
	GlobalSection(SolutionConfigurationPlatforms) = preSolution
		Debug|Any CPU = Debug|Any CPU
		Release|Any CPU = Release|Any CPU
	EndGlobalSection
	GlobalSection(ProjectConfigurationPlatforms) = postSolution
		{8B767A31-671D-4965-8D07-3CC92EE49E07}.Debug|Any CPU.ActiveCfg = Debug|Any CPU
		{8B767A31-671D-4965-8D07-3CC92EE49E07}.Debug|Any CPU.Build.0 = Debug|Any CPU
		{8B767A31-671D-4965-8D07-3CC92EE49E07}.Release|Any CPU.ActiveCfg = Release|Any CPU
		{8B767A31-671D-4965-8D07-3CC92EE49E07}.Release|Any CPU.Build.0 = Release|Any CPU
	EndGlobalSection
	GlobalSection(SolutionProperties) = preSolution
		HideSolutionNode = FALSE
	EndGlobalSection
	GlobalSection(ExtensibilityGlobals) = postSolution
		SolutionGuid = {43B944DE-CF40-467B-B63D-D7557F8FA9A5}
	EndGlobalSection
EndGlobal
